// !$*UTF8*$!
{
	archiveVersion = 1;
	classes = {
	};
	objectVersion = 50;
	objects = {

/* Begin PBXBuildFile section */
		59D49B19237680F000B9662A /* AppDelegate.swift in Sources */ = {isa = PBXBuildFile; fileRef = 59D49B18237680F000B9662A /* AppDelegate.swift */; };
		59D49B1B237680F000B9662A /* ViewController.swift in Sources */ = {isa = PBXBuildFile; fileRef = 59D49B1A237680F000B9662A /* ViewController.swift */; };
		59D49B1E237680F000B9662A /* Main.storyboard in Resources */ = {isa = PBXBuildFile; fileRef = 59D49B1C237680F000B9662A /* Main.storyboard */; };
		59D49B20237680F200B9662A /* Assets.xcassets in Resources */ = {isa = PBXBuildFile; fileRef = 59D49B1F237680F200B9662A /* Assets.xcassets */; };
		59D49B23237680F200B9662A /* LaunchScreen.storyboard in Resources */ = {isa = PBXBuildFile; fileRef = 59D49B21237680F200B9662A /* LaunchScreen.storyboard */; };
		59D49B2E237680F200B9662A /* CalculatorTests.swift in Sources */ = {isa = PBXBuildFile; fileRef = 59D49B2D237680F200B9662A /* CalculatorTests.swift */; };
		59D49B39237680F200B9662A /* CalculatorUITests.swift in Sources */ = {isa = PBXBuildFile; fileRef = 59D49B38237680F200B9662A /* CalculatorUITests.swift */; };
/* End PBXBuildFile section */

/* Begin PBXContainerItemProxy section */
		59D49B2A237680F200B9662A /* PBXContainerItemProxy */ = {
			isa = PBXContainerItemProxy;
			containerPortal = 59D49B0D237680F000B9662A /* Project object */;
			proxyType = 1;
			remoteGlobalIDString = 59D49B14237680F000B9662A;
			remoteInfo = Calculator;
		};
		59D49B35237680F200B9662A /* PBXContainerItemProxy */ = {
			isa = PBXContainerItemProxy;
			containerPortal = 59D49B0D237680F000B9662A /* Project object */;
			proxyType = 1;
			remoteGlobalIDString = 59D49B14237680F000B9662A;
			remoteInfo = Calculator;
		};
/* End PBXContainerItemProxy section */

/* Begin PBXFileReference section */
		59D49B15237680F000B9662A /* Calculator.app */ = {isa = PBXFileReference; explicitFileType = wrapper.application; includeInIndex = 0; path = Calculator.app; sourceTree = BUILT_PRODUCTS_DIR; };
		59D49B18237680F000B9662A /* AppDelegate.swift */ = {isa = PBXFileReference; lastKnownFileType = sourcecode.swift; path = AppDelegate.swift; sourceTree = "<group>"; };
		59D49B1A237680F000B9662A /* ViewController.swift */ = {isa = PBXFileReference; lastKnownFileType = sourcecode.swift; path = ViewController.swift; sourceTree = "<group>"; };
		59D49B1D237680F000B9662A /* Base */ = {isa = PBXFileReference; lastKnownFileType = file.storyboard; name = Base; path = Base.lproj/Main.storyboard; sourceTree = "<group>"; };
		59D49B1F237680F200B9662A /* Assets.xcassets */ = {isa = PBXFileReference; lastKnownFileType = folder.assetcatalog; path = Assets.xcassets; sourceTree = "<group>"; };
		59D49B22237680F200B9662A /* Base */ = {isa = PBXFileReference; lastKnownFileType = file.storyboard; name = Base; path = Base.lproj/LaunchScreen.storyboard; sourceTree = "<group>"; };
		59D49B24237680F200B9662A /* Info.plist */ = {isa = PBXFileReference; lastKnownFileType = text.plist.xml; path = Info.plist; sourceTree = "<group>"; };
		59D49B29237680F200B9662A /* CalculatorTests.xctest */ = {isa = PBXFileReference; explicitFileType = wrapper.cfbundle; includeInIndex = 0; path = CalculatorTests.xctest; sourceTree = BUILT_PRODUCTS_DIR; };
		59D49B2D237680F200B9662A /* CalculatorTests.swift */ = {isa = PBXFileReference; lastKnownFileType = sourcecode.swift; path = CalculatorTests.swift; sourceTree = "<group>"; };
		59D49B2F237680F200B9662A /* Info.plist */ = {isa = PBXFileReference; lastKnownFileType = text.plist.xml; path = Info.plist; sourceTree = "<group>"; };
		59D49B34237680F200B9662A /* CalculatorUITests.xctest */ = {isa = PBXFileReference; explicitFileType = wrapper.cfbundle; includeInIndex = 0; path = CalculatorUITests.xctest; sourceTree = BUILT_PRODUCTS_DIR; };
		59D49B38237680F200B9662A /* CalculatorUITests.swift */ = {isa = PBXFileReference; lastKnownFileType = sourcecode.swift; path = CalculatorUITests.swift; sourceTree = "<group>"; };
		59D49B3A237680F200B9662A /* Info.plist */ = {isa = PBXFileReference; lastKnownFileType = text.plist.xml; path = Info.plist; sourceTree = "<group>"; };
/* End PBXFileReference section */

/* Begin PBXFrameworksBuildPhase section */
		59D49B12237680F000B9662A /* Frameworks */ = {
			isa = PBXFrameworksBuildPhase;
			buildActionMask = 2147483647;
			files = (
			);
			runOnlyForDeploymentPostprocessing = 0;
		};
		59D49B26237680F200B9662A /* Frameworks */ = {
			isa = PBXFrameworksBuildPhase;
			buildActionMask = 2147483647;
			files = (
			);
			runOnlyForDeploymentPostprocessing = 0;
		};
		59D49B31237680F200B9662A /* Frameworks */ = {
			isa = PBXFrameworksBuildPhase;
			buildActionMask = 2147483647;
			files = (
			);
			runOnlyForDeploymentPostprocessing = 0;
		};
/* End PBXFrameworksBuildPhase section */

/* Begin PBXGroup section */
		59D49B0C237680F000B9662A = {
			isa = PBXGroup;
			children = (
				59D49B17237680F000B9662A /* Calculator */,
				59D49B2C237680F200B9662A /* CalculatorTests */,
				59D49B37237680F200B9662A /* CalculatorUITests */,
				59D49B16237680F000B9662A /* Products */,
			);
			sourceTree = "<group>";
		};
		59D49B16237680F000B9662A /* Products */ = {
			isa = PBXGroup;
			children = (
				59D49B15237680F000B9662A /* Calculator.app */,
				59D49B29237680F200B9662A /* CalculatorTests.xctest */,
				59D49B34237680F200B9662A /* CalculatorUITests.xctest */,
			);
			name = Products;
			sourceTree = "<group>";
		};
		59D49B17237680F000B9662A /* Calculator */ = {
			isa = PBXGroup;
			children = (
				59D49B18237680F000B9662A /* AppDelegate.swift */,
				59D49B1A237680F000B9662A /* ViewController.swift */,
				59D49B1C237680F000B9662A /* Main.storyboard */,
				59D49B1F237680F200B9662A /* Assets.xcassets */,
				59D49B21237680F200B9662A /* LaunchScreen.storyboard */,
				59D49B24237680F200B9662A /* Info.plist */,
			);
			path = Calculator;
			sourceTree = "<group>";
		};
		59D49B2C237680F200B9662A /* CalculatorTests */ = {
			isa = PBXGroup;
			children = (
				59D49B2D237680F200B9662A /* CalculatorTests.swift */,
				59D49B2F237680F200B9662A /* Info.plist */,
			);
			path = CalculatorTests;
			sourceTree = "<group>";
		};
		59D49B37237680F200B9662A /* CalculatorUITests */ = {
			isa = PBXGroup;
			children = (
				59D49B38237680F200B9662A /* CalculatorUITests.swift */,
				59D49B3A237680F200B9662A /* Info.plist */,
			);
			path = CalculatorUITests;
			sourceTree = "<group>";
		};
/* End PBXGroup section */

/* Begin PBXNativeTarget section */
		59D49B14237680F000B9662A /* Calculator */ = {
			isa = PBXNativeTarget;
			buildConfigurationList = 59D49B3D237680F200B9662A /* Build configuration list for PBXNativeTarget "Calculator" */;
			buildPhases = (
				59D49B11237680F000B9662A /* Sources */,
				59D49B12237680F000B9662A /* Frameworks */,
				59D49B13237680F000B9662A /* Resources */,
			);
			buildRules = (
			);
			dependencies = (
			);
			name = Calculator;
			productName = Calculator;
			productReference = 59D49B15237680F000B9662A /* Calculator.app */;
			productType = "com.apple.product-type.application";
		};
		59D49B28237680F200B9662A /* CalculatorTests */ = {
			isa = PBXNativeTarget;
			buildConfigurationList = 59D49B40237680F200B9662A /* Build configuration list for PBXNativeTarget "CalculatorTests" */;
			buildPhases = (
				59D49B25237680F200B9662A /* Sources */,
				59D49B26237680F200B9662A /* Frameworks */,
				59D49B27237680F200B9662A /* Resources */,
			);
			buildRules = (
			);
			dependencies = (
				59D49B2B237680F200B9662A /* PBXTargetDependency */,
			);
			name = CalculatorTests;
			productName = CalculatorTests;
			productReference = 59D49B29237680F200B9662A /* CalculatorTests.xctest */;
			productType = "com.apple.product-type.bundle.unit-test";
		};
		59D49B33237680F200B9662A /* CalculatorUITests */ = {
			isa = PBXNativeTarget;
			buildConfigurationList = 59D49B43237680F200B9662A /* Build configuration list for PBXNativeTarget "CalculatorUITests" */;
			buildPhases = (
				59D49B30237680F200B9662A /* Sources */,
				59D49B31237680F200B9662A /* Frameworks */,
				59D49B32237680F200B9662A /* Resources */,
			);
			buildRules = (
			);
			dependencies = (
				59D49B36237680F200B9662A /* PBXTargetDependency */,
			);
			name = CalculatorUITests;
			productName = CalculatorUITests;
			productReference = 59D49B34237680F200B9662A /* CalculatorUITests.xctest */;
			productType = "com.apple.product-type.bundle.ui-testing";
		};
/* End PBXNativeTarget section */

/* Begin PBXProject section */
		59D49B0D237680F000B9662A /* Project object */ = {
			isa = PBXProject;
			attributes = {
				LastSwiftUpdateCheck = 1030;
				LastUpgradeCheck = 1030;
				ORGANIZATIONNAME = "Shuhua Song";
				TargetAttributes = {
					59D49B14237680F000B9662A = {
						CreatedOnToolsVersion = 10.3;
					};
					59D49B28237680F200B9662A = {
						CreatedOnToolsVersion = 10.3;
						TestTargetID = 59D49B14237680F000B9662A;
					};
					59D49B33237680F200B9662A = {
						CreatedOnToolsVersion = 10.3;
						TestTargetID = 59D49B14237680F000B9662A;
					};
				};
			};
			buildConfigurationList = 59D49B10237680F000B9662A /* Build configuration list for PBXProject "Calculator" */;
			compatibilityVersion = "Xcode 9.3";
			developmentRegion = en;
			hasScannedForEncodings = 0;
			knownRegions = (
				en,
				Base,
			);
			mainGroup = 59D49B0C237680F000B9662A;
			productRefGroup = 59D49B16237680F000B9662A /* Products */;
			projectDirPath = "";
			projectRoot = "";
			targets = (
				59D49B14237680F000B9662A /* Calculator */,
				59D49B28237680F200B9662A /* CalculatorTests */,
				59D49B33237680F200B9662A /* CalculatorUITests */,
			);
		};
/* End PBXProject section */

/* Begin PBXResourcesBuildPhase section */
		59D49B13237680F000B9662A /* Resources */ = {
			isa = PBXResourcesBuildPhase;
			buildActionMask = 2147483647;
			files = (
				59D49B23237680F200B9662A /* LaunchScreen.storyboard in Resources */,
				59D49B20237680F200B9662A /* Assets.xcassets in Resources */,
				59D49B1E237680F000B9662A /* Main.storyboard in Resources */,
			);
			runOnlyForDeploymentPostprocessing = 0;
		};
		59D49B27237680F200B9662A /* Resources */ = {
			isa = PBXResourcesBuildPhase;
			buildActionMask = 2147483647;
			files = (
			);
			runOnlyForDeploymentPostprocessing = 0;
		};
		59D49B32237680F200B9662A /* Resources */ = {
			isa = PBXResourcesBuildPhase;
			buildActionMask = 2147483647;
			files = (
			);
			runOnlyForDeploymentPostprocessing = 0;
		};
/* End PBXResourcesBuildPhase section */

/* Begin PBXSourcesBuildPhase section */
		59D49B11237680F000B9662A /* Sources */ = {
			isa = PBXSourcesBuildPhase;
			buildActionMask = 2147483647;
			files = (
				59D49B1B237680F000B9662A /* ViewController.swift in Sources */,
				59D49B19237680F000B9662A /* AppDelegate.swift in Sources */,
			);
			runOnlyForDeploymentPostprocessing = 0;
		};
		59D49B25237680F200B9662A /* Sources */ = {
			isa = PBXSourcesBuildPhase;
			buildActionMask = 2147483647;
			files = (
				59D49B2E237680F200B9662A /* CalculatorTests.swift in Sources */,
			);
			runOnlyForDeploymentPostprocessing = 0;
		};
		59D49B30237680F200B9662A /* Sources */ = {
			isa = PBXSourcesBuildPhase;
			buildActionMask = 2147483647;
			files = (
				59D49B39237680F200B9662A /* CalculatorUITests.swift in Sources */,
			);
			runOnlyForDeploymentPostprocessing = 0;
		};
/* End PBXSourcesBuildPhase section */

/* Begin PBXTargetDependency section */
		59D49B2B237680F200B9662A /* PBXTargetDependency */ = {
			isa = PBXTargetDependency;
			target = 59D49B14237680F000B9662A /* Calculator */;
			targetProxy = 59D49B2A237680F200B9662A /* PBXContainerItemProxy */;
		};
		59D49B36237680F200B9662A /* PBXTargetDependency */ = {
			isa = PBXTargetDependency;
			target = 59D49B14237680F000B9662A /* Calculator */;
			targetProxy = 59D49B35237680F200B9662A /* PBXContainerItemProxy */;
		};
/* End PBXTargetDependency section */

/* Begin PBXVariantGroup section */
		59D49B1C237680F000B9662A /* Main.storyboard */ = {
			isa = PBXVariantGroup;
			children = (
				59D49B1D237680F000B9662A /* Base */,
			);
			name = Main.storyboard;
			sourceTree = "<group>";
		};
		59D49B21237680F200B9662A /* LaunchScreen.storyboard */ = {
			isa = PBXVariantGroup;
			children = (
				59D49B22237680F200B9662A /* Base */,
			);
			name = LaunchScreen.storyboard;
			sourceTree = "<group>";
		};
/* End PBXVariantGroup section */

/* Begin XCBuildConfiguration section */
		59D49B3B237680F200B9662A /* Debug */ = {
			isa = XCBuildConfiguration;
			buildSettings = {
				ALWAYS_SEARCH_USER_PATHS = NO;
				CLANG_ANALYZER_NONNULL = YES;
				CLANG_ANALYZER_NUMBER_OBJECT_CONVERSION = YES_AGGRESSIVE;
				CLANG_CXX_LANGUAGE_STANDARD = "gnu++14";
				CLANG_CXX_LIBRARY = "libc++";
				CLANG_ENABLE_MODULES = YES;
				CLANG_ENABLE_OBJC_ARC = YES;
				CLANG_ENABLE_OBJC_WEAK = YES;
				CLANG_WARN_BLOCK_CAPTURE_AUTORELEASING = YES;
				CLANG_WARN_BOOL_CONVERSION = YES;
				CLANG_WARN_COMMA = YES;
				CLANG_WARN_CONSTANT_CONVERSION = YES;
				CLANG_WARN_DEPRECATED_OBJC_IMPLEMENTATIONS = YES;
				CLANG_WARN_DIRECT_OBJC_ISA_USAGE = YES_ERROR;
				CLANG_WARN_DOCUMENTATION_COMMENTS = YES;
				CLANG_WARN_EMPTY_BODY = YES;
				CLANG_WARN_ENUM_CONVERSION = YES;
				CLANG_WARN_INFINITE_RECURSION = YES;
				CLANG_WARN_INT_CONVERSION = YES;
				CLANG_WARN_NON_LITERAL_NULL_CONVERSION = YES;
				CLANG_WARN_OBJC_IMPLICIT_RETAIN_SELF = YES;
				CLANG_WARN_OBJC_LITERAL_CONVERSION = YES;
				CLANG_WARN_OBJC_ROOT_CLASS = YES_ERROR;
				CLANG_WARN_RANGE_LOOP_ANALYSIS = YES;
				CLANG_WARN_STRICT_PROTOTYPES = YES;
				CLANG_WARN_SUSPICIOUS_MOVE = YES;
				CLANG_WARN_UNGUARDED_AVAILABILITY = YES_AGGRESSIVE;
				CLANG_WARN_UNREACHABLE_CODE = YES;
				CLANG_WARN__DUPLICATE_METHOD_MATCH = YES;
				CODE_SIGN_IDENTITY = "iPhone Developer";
				COPY_PHASE_STRIP = NO;
				DEBUG_INFORMATION_FORMAT = dwarf;
				ENABLE_STRICT_OBJC_MSGSEND = YES;
				ENABLE_TESTABILITY = YES;
				GCC_C_LANGUAGE_STANDARD = gnu11;
				GCC_DYNAMIC_NO_PIC = NO;
				GCC_NO_COMMON_BLOCKS = YES;
				GCC_OPTIMIZATION_LEVEL = 0;
				GCC_PREPROCESSOR_DEFINITIONS = (
					"DEBUG=1",
					"$(inherited)",
				);
				GCC_WARN_64_TO_32_BIT_CONVERSION = YES;
				GCC_WARN_ABOUT_RETURN_TYPE = YES_ERROR;
				GCC_WARN_UNDECLARED_SELECTOR = YES;
				GCC_WARN_UNINITIALIZED_AUTOS = YES_AGGRESSIVE;
				GCC_WARN_UNUSED_FUNCTION = YES;
				GCC_WARN_UNUSED_VARIABLE = YES;
				IPHONEOS_DEPLOYMENT_TARGET = 12.4;
				MTL_ENABLE_DEBUG_INFO = INCLUDE_SOURCE;
				MTL_FAST_MATH = YES;
				ONLY_ACTIVE_ARCH = YES;
				SDKROOT = iphoneos;
				SWIFT_ACTIVE_COMPILATION_CONDITIONS = DEBUG;
				SWIFT_OPTIMIZATION_LEVEL = "-Onone";
			};
			name = Debug;
		};
		59D49B3C237680F200B9662A /* Release */ = {
			isa = XCBuildConfiguration;
			buildSettings = {
				ALWAYS_SEARCH_USER_PATHS = NO;
				CLANG_ANALYZER_NONNULL = YES;
				CLANG_ANALYZER_NUMBER_OBJECT_CONVERSION = YES_AGGRESSIVE;
				CLANG_CXX_LANGUAGE_STANDARD = "gnu++14";
				CLANG_CXX_LIBRARY = "libc++";
				CLANG_ENABLE_MODULES = YES;
				CLANG_ENABLE_OBJC_ARC = YES;
				CLANG_ENABLE_OBJC_WEAK = YES;
				CLANG_WARN_BLOCK_CAPTURE_AUTORELEASING = YES;
				CLANG_WARN_BOOL_CONVERSION = YES;
				CLANG_WARN_COMMA = YES;
				CLANG_WARN_CONSTANT_CONVERSION = YES;
				CLANG_WARN_DEPRECATED_OBJC_IMPLEMENTATIONS = YES;
				CLANG_WARN_DIRECT_OBJC_ISA_USAGE = YES_ERROR;
				CLANG_WARN_DOCUMENTATION_COMMENTS = YES;
				CLANG_WARN_EMPTY_BODY = YES;
				CLANG_WARN_ENUM_CONVERSION = YES;
				CLANG_WARN_INFINITE_RECURSION = YES;
				CLANG_WARN_INT_CONVERSION = YES;
				CLANG_WARN_NON_LITERAL_NULL_CONVERSION = YES;
				CLANG_WARN_OBJC_IMPLICIT_RETAIN_SELF = YES;
				CLANG_WARN_OBJC_LITERAL_CONVERSION = YES;
				CLANG_WARN_OBJC_ROOT_CLASS = YES_ERROR;
				CLANG_WARN_RANGE_LOOP_ANALYSIS = YES;
				CLANG_WARN_STRICT_PROTOTYPES = YES;
				CLANG_WARN_SUSPICIOUS_MOVE = YES;
				CLANG_WARN_UNGUARDED_AVAILABILITY = YES_AGGRESSIVE;
				CLANG_WARN_UNREACHABLE_CODE = YES;
				CLANG_WARN__DUPLICATE_METHOD_MATCH = YES;
				CODE_SIGN_IDENTITY = "iPhone Developer";
				COPY_PHASE_STRIP = NO;
				DEBUG_INFORMATION_FORMAT = "dwarf-with-dsym";
				ENABLE_NS_ASSERTIONS = NO;
				ENABLE_STRICT_OBJC_MSGSEND = YES;
				GCC_C_LANGUAGE_STANDARD = gnu11;
				GCC_NO_COMMON_BLOCKS = YES;
				GCC_WARN_64_TO_32_BIT_CONVERSION = YES;
				GCC_WARN_ABOUT_RETURN_TYPE = YES_ERROR;
				GCC_WARN_UNDECLARED_SELECTOR = YES;
				GCC_WARN_UNINITIALIZED_AUTOS = YES_AGGRESSIVE;
				GCC_WARN_UNUSED_FUNCTION = YES;
				GCC_WARN_UNUSED_VARIABLE = YES;
				IPHONEOS_DEPLOYMENT_TARGET = 12.4;
				MTL_ENABLE_DEBUG_INFO = NO;
				MTL_FAST_MATH = YES;
				SDKROOT = iphoneos;
				SWIFT_COMPILATION_MODE = wholemodule;
				SWIFT_OPTIMIZATION_LEVEL = "-O";
				VALIDATE_PRODUCT = YES;
			};
			name = Release;
		};
		59D49B3E237680F200B9662A /* Debug */ = {
			isa = XCBuildConfiguration;
			buildSettings = {
				ASSETCATALOG_COMPILER_APPICON_NAME = AppIcon;
				CODE_SIGN_STYLE = Automatic;
				DEVELOPMENT_TEAM = P2A8NSCXHF;
				INFOPLIST_FILE = Calculator/Info.plist;
				LD_RUNPATH_SEARCH_PATHS = (
					"$(inherited)",
					"@executable_path/Frameworks",
				);
				PRODUCT_BUNDLE_IDENTIFIER = com.codepath.Calculator;
				PRODUCT_NAME = "$(TARGET_NAME)";
				SWIFT_VERSION = 5.0;
				TARGETED_DEVICE_FAMILY = "1,2";
			};
			name = Debug;
		};
		59D49B3F237680F200B9662A /* Release */ = {
			isa = XCBuildConfiguration;
			buildSettings = {
				ASSETCATALOG_COMPILER_APPICON_NAME = AppIcon;
				CODE_SIGN_STYLE = Automatic;
				DEVELOPMENT_TEAM = P2A8NSCXHF;
				INFOPLIST_FILE = Calculator/Info.plist;
				LD_RUNPATH_SEARCH_PATHS = (
					"$(inherited)",
					"@executable_path/Frameworks",
				);
				PRODUCT_BUNDLE_IDENTIFIER = com.codepath.Calculator;
				PRODUCT_NAME = "$(TARGET_NAME)";
				SWIFT_VERSION = 5.0;
				TARGETED_DEVICE_FAMILY = "1,2";
			};
			name = Release;
		};
		59D49B41237680F200B9662A /* Debug */ = {
			isa = XCBuildConfiguration;
			buildSettings = {
				ALWAYS_EMBED_SWIFT_STANDARD_LIBRARIES = YES;
				BUNDLE_LOADER = "$(TEST_HOST)";
				CODE_SIGN_STYLE = Automatic;
				DEVELOPMENT_TEAM = P2A8NSCXHF;
				INFOPLIST_FILE = CalculatorTests/Info.plist;
				LD_RUNPATH_SEARCH_PATHS = (
					"$(inherited)",
					"@executable_path/Frameworks",
					"@loader_path/Frameworks",
				);
				PRODUCT_BUNDLE_IDENTIFIER = com.codepath.CalculatorTests;
				PRODUCT_NAME = "$(TARGET_NAME)";
				SWIFT_VERSION = 5.0;
				TARGETED_DEVICE_FAMILY = "1,2";
				TEST_HOST = "$(BUILT_PRODUCTS_DIR)/Calculator.app/Calculator";
			};
			name = Debug;
		};
		59D49B42237680F200B9662A /* Release */ = {
			isa = XCBuildConfiguration;
			buildSettings = {
				ALWAYS_EMBED_SWIFT_STANDARD_LIBRARIES = YES;
				BUNDLE_LOADER = "$(TEST_HOST)";
				CODE_SIGN_STYLE = Automatic;
				DEVELOPMENT_TEAM = P2A8NSCXHF;
				INFOPLIST_FILE = CalculatorTests/Info.plist;
				LD_RUNPATH_SEARCH_PATHS = (
					"$(inherited)",
					"@executable_path/Frameworks",
					"@loader_path/Frameworks",
				);
				PRODUCT_BUNDLE_IDENTIFIER = com.codepath.CalculatorTests;
				PRODUCT_NAME = "$(TARGET_NAME)";
				SWIFT_VERSION = 5.0;
				TARGETED_DEVICE_FAMILY = "1,2";
				TEST_HOST = "$(BUILT_PRODUCTS_DIR)/Calculator.app/Calculator";
			};
			name = Release;
		};
		59D49B44237680F200B9662A /* Debug */ = {
			isa = XCBuildConfiguration;
			buildSettings = {
				ALWAYS_EMBED_SWIFT_STANDARD_LIBRARIES = YES;
				CODE_SIGN_STYLE = Automatic;
				DEVELOPMENT_TEAM = P2A8NSCXHF;
				INFOPLIST_FILE = CalculatorUITests/Info.plist;
				LD_RUNPATH_SEARCH_PATHS = (
					"$(inherited)",
					"@executable_path/Frameworks",
					"@loader_path/Frameworks",
				);
				PRODUCT_BUNDLE_IDENTIFIER = com.codepath.CalculatorUITests;
				PRODUCT_NAME = "$(TARGET_NAME)";
				SWIFT_VERSION = 5.0;
				TARGETED_DEVICE_FAMILY = "1,2";
				TEST_TARGET_NAME = Calculator;
			};
			name = Debug;
		};
		59D49B45237680F200B9662A /* Release */ = {
			isa = XCBuildConfiguration;
			buildSettings = {
				ALWAYS_EMBED_SWIFT_STANDARD_LIBRARIES = YES;
				CODE_SIGN_STYLE = Automatic;
				DEVELOPMENT_TEAM = P2A8NSCXHF;
				INFOPLIST_FILE = CalculatorUITests/Info.plist;
				LD_RUNPATH_SEARCH_PATHS = (
					"$(inherited)",
					"@executable_path/Frameworks",
					"@loader_path/Frameworks",
				);
				PRODUCT_BUNDLE_IDENTIFIER = com.codepath.CalculatorUITests;
				PRODUCT_NAME = "$(TARGET_NAME)";
				SWIFT_VERSION = 5.0;
				TARGETED_DEVICE_FAMILY = "1,2";
				TEST_TARGET_NAME = Calculator;
			};
			name = Release;
		};
/* End XCBuildConfiguration section */

/* Begin XCConfigurationList section */
		59D49B10237680F000B9662A /* Build configuration list for PBXProject "Calculator" */ = {
			isa = XCConfigurationList;
			buildConfigurations = (
				59D49B3B237680F200B9662A /* Debug */,
				59D49B3C237680F200B9662A /* Release */,
			);
			defaultConfigurationIsVisible = 0;
			defaultConfigurationName = Release;
		};
		59D49B3D237680F200B9662A /* Build configuration list for PBXNativeTarget "Calculator" */ = {
			isa = XCConfigurationList;
			buildConfigurations = (
				59D49B3E237680F200B9662A /* Debug */,
				59D49B3F237680F200B9662A /* Release */,
			);
			defaultConfigurationIsVisible = 0;
			defaultConfigurationName = Release;
		};
		59D49B40237680F200B9662A /* Build configuration list for PBXNativeTarget "CalculatorTests" */ = {
			isa = XCConfigurationList;
			buildConfigurations = (
				59D49B41237680F200B9662A /* Debug */,
				59D49B42237680F200B9662A /* Release */,
			);
			defaultConfigurationIsVisible = 0;
			defaultConfigurationName = Release;
		};
		59D49B43237680F200B9662A /* Build configuration list for PBXNativeTarget "CalculatorUITests" */ = {
			isa = XCConfigurationList;
			buildConfigurations = (
				59D49B44237680F200B9662A /* Debug */,
				59D49B45237680F200B9662A /* Release */,
			);
			defaultConfigurationIsVisible = 0;
			defaultConfigurationName = Release;
		};
/* End XCConfigurationList section */
	};
	rootObject = 59D49B0D237680F000B9662A /* Project object */;
}
